// !$*UTF8*$!
{
	archiveVersion = 1;
	classes = {
	};
	objectVersion = 55;
	objects = {

/* Begin PBXBuildFile section */
		020A13F1283D3671007C9ECE /* sayarApp.swift in Sources */ = {isa = PBXBuildFile; fileRef = 020A13F0283D3671007C9ECE /* sayarApp.swift */; };
		020A13F3283D3671007C9ECE /* ContentView.swift in Sources */ = {isa = PBXBuildFile; fileRef = 020A13F2283D3671007C9ECE /* ContentView.swift */; };
		020A13F5283D3674007C9ECE /* Assets.xcassets in Resources */ = {isa = PBXBuildFile; fileRef = 020A13F4283D3674007C9ECE /* Assets.xcassets */; };
		020A13F8283D3674007C9ECE /* Preview Assets.xcassets in Resources */ = {isa = PBXBuildFile; fileRef = 020A13F7283D3674007C9ECE /* Preview Assets.xcassets */; };
		02DFCAA42885AA30009DE7BE /* ReportsView.swift in Sources */ = {isa = PBXBuildFile; fileRef = 02DFCAA32885AA30009DE7BE /* ReportsView.swift */; };
		02DFCAA62885AA59009DE7BE /* Chart.swift in Sources */ = {isa = PBXBuildFile; fileRef = 02DFCAA52885AA59009DE7BE /* Chart.swift */; };
		02DFCAA82885AA6D009DE7BE /* PieChartSwiftView.swift in Sources */ = {isa = PBXBuildFile; fileRef = 02DFCAA72885AA6D009DE7BE /* PieChartSwiftView.swift */; };
		02DFCAAA2885AA75009DE7BE /* PieSliceSwiftView.swift in Sources */ = {isa = PBXBuildFile; fileRef = 02DFCAA92885AA75009DE7BE /* PieSliceSwiftView.swift */; };
		02DFCAAC2885AAB6009DE7BE /* ReportsViewModel.swift in Sources */ = {isa = PBXBuildFile; fileRef = 02DFCAAB2885AAB6009DE7BE /* ReportsViewModel.swift */; };
		02DFCAAE28869861009DE7BE /* Loader.swift in Sources */ = {isa = PBXBuildFile; fileRef = 02DFCAAD28869861009DE7BE /* Loader.swift */; };
		22DDB2AC286989D200C36FDF /* Errors.swift in Sources */ = {isa = PBXBuildFile; fileRef = 22DDB2AB286989D200C36FDF /* Errors.swift */; };
		6F185A2D286B194A003E2088 /* HelpView.swift in Sources */ = {isa = PBXBuildFile; fileRef = 6F185A2C286B194A003E2088 /* HelpView.swift */; };
		D82EA9F9284F32E9000F7DF5 /* AddOilView.swift in Sources */ = {isa = PBXBuildFile; fileRef = D82EA9F8284F32E9000F7DF5 /* AddOilView.swift */; };
		D8E4154428607193006FDC58 /* FuelViewModel.swift in Sources */ = {isa = PBXBuildFile; fileRef = D8E4154328607193006FDC58 /* FuelViewModel.swift */; };
		D8E4154728607352006FDC58 /* FirebaseFirestore in Frameworks */ = {isa = PBXBuildFile; productRef = D8E4154628607352006FDC58 /* FirebaseFirestore */; };
		D8E4154928632723006FDC58 /* OilViewModel.swift in Sources */ = {isa = PBXBuildFile; fileRef = D8E4154828632723006FDC58 /* OilViewModel.swift */; };
		D8E4154B28632737006FDC58 /* BatteryViewModel.swift in Sources */ = {isa = PBXBuildFile; fileRef = D8E4154A28632737006FDC58 /* BatteryViewModel.swift */; };
		D8E4154D2863279F006FDC58 /* TiresViewModel.swift in Sources */ = {isa = PBXBuildFile; fileRef = D8E4154C2863279F006FDC58 /* TiresViewModel.swift */; };
		D8F6D1CF2855FE670007B9CB /* AddFuelView.swift in Sources */ = {isa = PBXBuildFile; fileRef = D8F6D1CE2855FE670007B9CB /* AddFuelView.swift */; };
		D8F6D1D12859C7FE0007B9CB /* AddTierView.swift in Sources */ = {isa = PBXBuildFile; fileRef = D8F6D1D02859C7FE0007B9CB /* AddTierView.swift */; };
		D8F6D1D32859C80F0007B9CB /* AddBatteryView.swift in Sources */ = {isa = PBXBuildFile; fileRef = D8F6D1D22859C80F0007B9CB /* AddBatteryView.swift */; };
		D8F6D1D52859CC440007B9CB /* FuelView.swift in Sources */ = {isa = PBXBuildFile; fileRef = D8F6D1D42859CC440007B9CB /* FuelView.swift */; };
		D8F6D1D72859CC530007B9CB /* TiresView.swift in Sources */ = {isa = PBXBuildFile; fileRef = D8F6D1D62859CC530007B9CB /* TiresView.swift */; };
		D8F6D1D92859CC5E0007B9CB /* BatteryView.swift in Sources */ = {isa = PBXBuildFile; fileRef = D8F6D1D82859CC5E0007B9CB /* BatteryView.swift */; };
		D8F6D1DB2859CC6F0007B9CB /* OilView.swift in Sources */ = {isa = PBXBuildFile; fileRef = D8F6D1DA2859CC6F0007B9CB /* OilView.swift */; };
		D8F6D1DF2859F4AC0007B9CB /* Fuel.swift in Sources */ = {isa = PBXBuildFile; fileRef = D8F6D1DE2859F4AC0007B9CB /* Fuel.swift */; };
		D8F6D1E1285AFF500007B9CB /* Oil.swift in Sources */ = {isa = PBXBuildFile; fileRef = D8F6D1E0285AFF500007B9CB /* Oil.swift */; };
		D8F6D1E3285AFF5E0007B9CB /* Battery.swift in Sources */ = {isa = PBXBuildFile; fileRef = D8F6D1E2285AFF5E0007B9CB /* Battery.swift */; };
		D8F6D1E5285AFF6F0007B9CB /* Tires.swift in Sources */ = {isa = PBXBuildFile; fileRef = D8F6D1E4285AFF6F0007B9CB /* Tires.swift */; };
		E80E90F82851534A00FE624F /* TabViewApp.swift in Sources */ = {isa = PBXBuildFile; fileRef = E80E90F72851534A00FE624F /* TabViewApp.swift */; };
		E817C9BC2844DDC4000E2105 /* GoogleService-Info.plist in Resources */ = {isa = PBXBuildFile; fileRef = E817C9BB2844DDC4000E2105 /* GoogleService-Info.plist */; };
		E817C9BF2844E009000E2105 /* FirebaseAuth in Frameworks */ = {isa = PBXBuildFile; productRef = E817C9BE2844E009000E2105 /* FirebaseAuth */; };
		E817C9C12844E009000E2105 /* FirebaseDatabase in Frameworks */ = {isa = PBXBuildFile; productRef = E817C9C02844E009000E2105 /* FirebaseDatabase */; };
		E817C9C32844E009000E2105 /* FirebaseDatabaseSwift in Frameworks */ = {isa = PBXBuildFile; productRef = E817C9C22844E009000E2105 /* FirebaseDatabaseSwift */; };
		E817C9C52844E009000E2105 /* FirebaseStorage in Frameworks */ = {isa = PBXBuildFile; productRef = E817C9C42844E009000E2105 /* FirebaseStorage */; };
		E8305CB5286C6BA6006505CF /* ImagePicker.swift in Sources */ = {isa = PBXBuildFile; fileRef = E8305CB4286C6BA6006505CF /* ImagePicker.swift */; };
		E8305CBA286C6C70006505CF /* ZoomableScrollView.swift in Sources */ = {isa = PBXBuildFile; fileRef = E8305CB9286C6C70006505CF /* ZoomableScrollView.swift */; };
		E8305CBC286C6D39006505CF /* ContentImage.swift in Sources */ = {isa = PBXBuildFile; fileRef = E8305CBB286C6D39006505CF /* ContentImage.swift */; };
		E8305CBE286C6D60006505CF /* ViewModel.swift in Sources */ = {isa = PBXBuildFile; fileRef = E8305CBD286C6D60006505CF /* ViewModel.swift */; };
		E8305CC1286C6DD0006505CF /* Picker.swift in Sources */ = {isa = PBXBuildFile; fileRef = E8305CC0286C6DD0006505CF /* Picker.swift */; };
		E836B576285F7FEE00C5700B /* AuthView.swift in Sources */ = {isa = PBXBuildFile; fileRef = E836B575285F7FEE00C5700B /* AuthView.swift */; };
		E836B578285F810E00C5700B /* SecondOTP.swift in Sources */ = {isa = PBXBuildFile; fileRef = E836B577285F810E00C5700B /* SecondOTP.swift */; };
		E836B57A285F837A00C5700B /* AuthViewModel.swift in Sources */ = {isa = PBXBuildFile; fileRef = E836B579285F837A00C5700B /* AuthViewModel.swift */; };
		E83C77F52862ECC600B55D64 /* User.swift in Sources */ = {isa = PBXBuildFile; fileRef = E83C77F42862ECC600B55D64 /* User.swift */; };
		E8410C3B2864697500C3F80D /* addCarViewModel.swift in Sources */ = {isa = PBXBuildFile; fileRef = E8410C3A2864697500C3F80D /* addCarViewModel.swift */; };
		E865A5062871F68A00BD17F0 /* FileManager+Extension.swift in Sources */ = {isa = PBXBuildFile; fileRef = E865A5052871F68A00BD17F0 /* FileManager+Extension.swift */; };
		E8749508285A89E10049BB4B /* AddCar.swift in Sources */ = {isa = PBXBuildFile; fileRef = E8749507285A89E10049BB4B /* AddCar.swift */; };
		E874950A285A8BAF0049BB4B /* Demo.swift in Sources */ = {isa = PBXBuildFile; fileRef = E8749509285A8BAE0049BB4B /* Demo.swift */; };
		E874950C285A903A0049BB4B /* Car.swift in Sources */ = {isa = PBXBuildFile; fileRef = E874950B285A903A0049BB4B /* Car.swift */; };
		E89EB1B02883889100259137 /* NotificationManager.swift in Sources */ = {isa = PBXBuildFile; fileRef = E89EB1AF2883889100259137 /* NotificationManager.swift */; };
		E89EB1B228838A7600259137 /* NotificationLView.swift in Sources */ = {isa = PBXBuildFile; fileRef = E89EB1B128838A7600259137 /* NotificationLView.swift */; };
		E89EB1B428838B9200259137 /* InfoOverlayView.swift in Sources */ = {isa = PBXBuildFile; fileRef = E89EB1B328838B9200259137 /* InfoOverlayView.swift */; };
		E89EB1B628838C0500259137 /* CreateNotificationView.swift in Sources */ = {isa = PBXBuildFile; fileRef = E89EB1B528838C0500259137 /* CreateNotificationView.swift */; };
		E8A37CB0287F50CD00C11F8F /* EditCar.swift in Sources */ = {isa = PBXBuildFile; fileRef = E8A37CAF287F50CD00C11F8F /* EditCar.swift */; };
		E8A37CB2287F526700C11F8F /* CarDetailsView.swift in Sources */ = {isa = PBXBuildFile; fileRef = E8A37CB1287F526700C11F8F /* CarDetailsView.swift */; };
		E8BC471A286204F20001395A /* FirebaseMessaging in Frameworks */ = {isa = PBXBuildFile; productRef = E8BC4719286204F20001395A /* FirebaseMessaging */; };
		E8BC471C286207040001395A /* FirebaseFirestoreSwift in Frameworks */ = {isa = PBXBuildFile; productRef = E8BC471B286207040001395A /* FirebaseFirestoreSwift */; };
		E8D1EC3428476FFD0035C5B3 /* HomeCarViewModel.swift in Sources */ = {isa = PBXBuildFile; fileRef = E8D1EC3328476FFD0035C5B3 /* HomeCarViewModel.swift */; };
		E8D1EC382847792D0035C5B3 /* AccountViewModel.swift in Sources */ = {isa = PBXBuildFile; fileRef = E8D1EC372847792D0035C5B3 /* AccountViewModel.swift */; };
		E8F9785628874D25006B113B /* imageUser.swift in Sources */ = {isa = PBXBuildFile; fileRef = E8F9785528874D25006B113B /* imageUser.swift */; };
		F0B7B0342857448200D5E018 /* MyGarageH.swift in Sources */ = {isa = PBXBuildFile; fileRef = F0B7B0332857448200D5E018 /* MyGarageH.swift */; };
/* End PBXBuildFile section */

/* Begin PBXFileReference section */
		020A13ED283D3671007C9ECE /* sayar.app */ = {isa = PBXFileReference; explicitFileType = wrapper.application; includeInIndex = 0; path = sayar.app; sourceTree = BUILT_PRODUCTS_DIR; };
		020A13F0283D3671007C9ECE /* sayarApp.swift */ = {isa = PBXFileReference; lastKnownFileType = sourcecode.swift; path = sayarApp.swift; sourceTree = "<group>"; };
		020A13F2283D3671007C9ECE /* ContentView.swift */ = {isa = PBXFileReference; lastKnownFileType = sourcecode.swift; path = ContentView.swift; sourceTree = "<group>"; };
		020A13F4283D3674007C9ECE /* Assets.xcassets */ = {isa = PBXFileReference; lastKnownFileType = folder.assetcatalog; path = Assets.xcassets; sourceTree = "<group>"; };
		020A13F7283D3674007C9ECE /* Preview Assets.xcassets */ = {isa = PBXFileReference; lastKnownFileType = folder.assetcatalog; path = "Preview Assets.xcassets"; sourceTree = "<group>"; };
		02DFCAA32885AA30009DE7BE /* ReportsView.swift */ = {isa = PBXFileReference; fileEncoding = 4; lastKnownFileType = sourcecode.swift; path = ReportsView.swift; sourceTree = "<group>"; };
		02DFCAA52885AA59009DE7BE /* Chart.swift */ = {isa = PBXFileReference; fileEncoding = 4; lastKnownFileType = sourcecode.swift; path = Chart.swift; sourceTree = "<group>"; };
		02DFCAA72885AA6D009DE7BE /* PieChartSwiftView.swift */ = {isa = PBXFileReference; fileEncoding = 4; lastKnownFileType = sourcecode.swift; path = PieChartSwiftView.swift; sourceTree = "<group>"; };
		02DFCAA92885AA75009DE7BE /* PieSliceSwiftView.swift */ = {isa = PBXFileReference; fileEncoding = 4; lastKnownFileType = sourcecode.swift; path = PieSliceSwiftView.swift; sourceTree = "<group>"; };
		02DFCAAB2885AAB6009DE7BE /* ReportsViewModel.swift */ = {isa = PBXFileReference; fileEncoding = 4; lastKnownFileType = sourcecode.swift; path = ReportsViewModel.swift; sourceTree = "<group>"; };
		02DFCAAD28869861009DE7BE /* Loader.swift */ = {isa = PBXFileReference; lastKnownFileType = sourcecode.swift; path = Loader.swift; sourceTree = "<group>"; };
		22DDB2AB286989D200C36FDF /* Errors.swift */ = {isa = PBXFileReference; lastKnownFileType = sourcecode.swift; path = Errors.swift; sourceTree = "<group>"; };
		6F185A2C286B194A003E2088 /* HelpView.swift */ = {isa = PBXFileReference; lastKnownFileType = sourcecode.swift; path = HelpView.swift; sourceTree = "<group>"; };
		D82EA9F8284F32E9000F7DF5 /* AddOilView.swift */ = {isa = PBXFileReference; lastKnownFileType = sourcecode.swift; path = AddOilView.swift; sourceTree = "<group>"; };
		D8E4154328607193006FDC58 /* FuelViewModel.swift */ = {isa = PBXFileReference; lastKnownFileType = sourcecode.swift; path = FuelViewModel.swift; sourceTree = "<group>"; };
		D8E4154828632723006FDC58 /* OilViewModel.swift */ = {isa = PBXFileReference; lastKnownFileType = sourcecode.swift; path = OilViewModel.swift; sourceTree = "<group>"; };
		D8E4154A28632737006FDC58 /* BatteryViewModel.swift */ = {isa = PBXFileReference; lastKnownFileType = sourcecode.swift; path = BatteryViewModel.swift; sourceTree = "<group>"; };
		D8E4154C2863279F006FDC58 /* TiresViewModel.swift */ = {isa = PBXFileReference; lastKnownFileType = sourcecode.swift; path = TiresViewModel.swift; sourceTree = "<group>"; };
		D8F6D1CE2855FE670007B9CB /* AddFuelView.swift */ = {isa = PBXFileReference; lastKnownFileType = sourcecode.swift; path = AddFuelView.swift; sourceTree = "<group>"; };
		D8F6D1D02859C7FE0007B9CB /* AddTierView.swift */ = {isa = PBXFileReference; lastKnownFileType = sourcecode.swift; path = AddTierView.swift; sourceTree = "<group>"; };
		D8F6D1D22859C80F0007B9CB /* AddBatteryView.swift */ = {isa = PBXFileReference; lastKnownFileType = sourcecode.swift; path = AddBatteryView.swift; sourceTree = "<group>"; };
		D8F6D1D42859CC440007B9CB /* FuelView.swift */ = {isa = PBXFileReference; lastKnownFileType = sourcecode.swift; path = FuelView.swift; sourceTree = "<group>"; };
		D8F6D1D62859CC530007B9CB /* TiresView.swift */ = {isa = PBXFileReference; lastKnownFileType = sourcecode.swift; path = TiresView.swift; sourceTree = "<group>"; };
		D8F6D1D82859CC5E0007B9CB /* BatteryView.swift */ = {isa = PBXFileReference; lastKnownFileType = sourcecode.swift; path = BatteryView.swift; sourceTree = "<group>"; };
		D8F6D1DA2859CC6F0007B9CB /* OilView.swift */ = {isa = PBXFileReference; lastKnownFileType = sourcecode.swift; path = OilView.swift; sourceTree = "<group>"; };
		D8F6D1DE2859F4AC0007B9CB /* Fuel.swift */ = {isa = PBXFileReference; lastKnownFileType = sourcecode.swift; name = Fuel.swift; path = sayar/Views/DashBoard/Fuel.swift; sourceTree = SOURCE_ROOT; };
		D8F6D1E0285AFF500007B9CB /* Oil.swift */ = {isa = PBXFileReference; lastKnownFileType = sourcecode.swift; path = Oil.swift; sourceTree = "<group>"; };
		D8F6D1E2285AFF5E0007B9CB /* Battery.swift */ = {isa = PBXFileReference; lastKnownFileType = sourcecode.swift; path = Battery.swift; sourceTree = "<group>"; };
		D8F6D1E4285AFF6F0007B9CB /* Tires.swift */ = {isa = PBXFileReference; lastKnownFileType = sourcecode.swift; path = Tires.swift; sourceTree = "<group>"; };
		E80E90F72851534A00FE624F /* TabViewApp.swift */ = {isa = PBXFileReference; lastKnownFileType = sourcecode.swift; path = TabViewApp.swift; sourceTree = "<group>"; };
		E817C9BB2844DDC4000E2105 /* GoogleService-Info.plist */ = {isa = PBXFileReference; fileEncoding = 4; lastKnownFileType = text.plist.xml; path = "GoogleService-Info.plist"; sourceTree = "<group>"; };
		E8305CB4286C6BA6006505CF /* ImagePicker.swift */ = {isa = PBXFileReference; lastKnownFileType = sourcecode.swift; path = ImagePicker.swift; sourceTree = "<group>"; };
		E8305CB9286C6C70006505CF /* ZoomableScrollView.swift */ = {isa = PBXFileReference; lastKnownFileType = sourcecode.swift; path = ZoomableScrollView.swift; sourceTree = "<group>"; };
		E8305CBB286C6D39006505CF /* ContentImage.swift */ = {isa = PBXFileReference; lastKnownFileType = sourcecode.swift; path = ContentImage.swift; sourceTree = "<group>"; };
		E8305CBD286C6D60006505CF /* ViewModel.swift */ = {isa = PBXFileReference; lastKnownFileType = sourcecode.swift; path = ViewModel.swift; sourceTree = "<group>"; };
		E8305CC0286C6DD0006505CF /* Picker.swift */ = {isa = PBXFileReference; lastKnownFileType = sourcecode.swift; path = Picker.swift; sourceTree = "<group>"; };
		E836B575285F7FEE00C5700B /* AuthView.swift */ = {isa = PBXFileReference; lastKnownFileType = sourcecode.swift; path = AuthView.swift; sourceTree = "<group>"; };
		E836B577285F810E00C5700B /* SecondOTP.swift */ = {isa = PBXFileReference; lastKnownFileType = sourcecode.swift; path = SecondOTP.swift; sourceTree = "<group>"; };
		E836B579285F837A00C5700B /* AuthViewModel.swift */ = {isa = PBXFileReference; lastKnownFileType = sourcecode.swift; path = AuthViewModel.swift; sourceTree = "<group>"; };
		E83C77F42862ECC600B55D64 /* User.swift */ = {isa = PBXFileReference; lastKnownFileType = sourcecode.swift; path = User.swift; sourceTree = "<group>"; };
		E8410C3A2864697500C3F80D /* addCarViewModel.swift */ = {isa = PBXFileReference; lastKnownFileType = sourcecode.swift; path = addCarViewModel.swift; sourceTree = "<group>"; };
		E865A5052871F68A00BD17F0 /* FileManager+Extension.swift */ = {isa = PBXFileReference; lastKnownFileType = sourcecode.swift; path = "FileManager+Extension.swift"; sourceTree = "<group>"; };
		E8749507285A89E10049BB4B /* AddCar.swift */ = {isa = PBXFileReference; lastKnownFileType = sourcecode.swift; path = AddCar.swift; sourceTree = "<group>"; };
		E8749509285A8BAE0049BB4B /* Demo.swift */ = {isa = PBXFileReference; lastKnownFileType = sourcecode.swift; path = Demo.swift; sourceTree = "<group>"; };
		E874950B285A903A0049BB4B /* Car.swift */ = {isa = PBXFileReference; lastKnownFileType = sourcecode.swift; path = Car.swift; sourceTree = "<group>"; };
		E89E4EE2285FD45900FD61C0 /* sayar.entitlements */ = {isa = PBXFileReference; lastKnownFileType = text.plist.entitlements; path = sayar.entitlements; sourceTree = "<group>"; };
		E89E4EE3285FD46700FD61C0 /* Info.plist */ = {isa = PBXFileReference; lastKnownFileType = text.plist.xml; path = Info.plist; sourceTree = "<group>"; };
		E89EB1AF2883889100259137 /* NotificationManager.swift */ = {isa = PBXFileReference; lastKnownFileType = sourcecode.swift; path = NotificationManager.swift; sourceTree = "<group>"; };
		E89EB1B128838A7600259137 /* NotificationLView.swift */ = {isa = PBXFileReference; lastKnownFileType = sourcecode.swift; path = NotificationLView.swift; sourceTree = "<group>"; };
		E89EB1B328838B9200259137 /* InfoOverlayView.swift */ = {isa = PBXFileReference; lastKnownFileType = sourcecode.swift; path = InfoOverlayView.swift; sourceTree = "<group>"; };
		E89EB1B528838C0500259137 /* CreateNotificationView.swift */ = {isa = PBXFileReference; lastKnownFileType = sourcecode.swift; path = CreateNotificationView.swift; sourceTree = "<group>"; };
		E8A37CAF287F50CD00C11F8F /* EditCar.swift */ = {isa = PBXFileReference; lastKnownFileType = sourcecode.swift; path = EditCar.swift; sourceTree = "<group>"; };
		E8A37CB1287F526700C11F8F /* CarDetailsView.swift */ = {isa = PBXFileReference; lastKnownFileType = sourcecode.swift; path = CarDetailsView.swift; sourceTree = "<group>"; };
		E8D1EC3328476FFD0035C5B3 /* HomeCarViewModel.swift */ = {isa = PBXFileReference; lastKnownFileType = sourcecode.swift; path = HomeCarViewModel.swift; sourceTree = "<group>"; };
		E8D1EC372847792D0035C5B3 /* AccountViewModel.swift */ = {isa = PBXFileReference; lastKnownFileType = sourcecode.swift; path = AccountViewModel.swift; sourceTree = "<group>"; };
		E8F9785528874D25006B113B /* imageUser.swift */ = {isa = PBXFileReference; lastKnownFileType = sourcecode.swift; path = imageUser.swift; sourceTree = "<group>"; };
		F0B7B0332857448200D5E018 /* MyGarageH.swift */ = {isa = PBXFileReference; lastKnownFileType = sourcecode.swift; path = MyGarageH.swift; sourceTree = "<group>"; };
/* End PBXFileReference section */

/* Begin PBXFrameworksBuildPhase section */
		020A13EA283D3671007C9ECE /* Frameworks */ = {
			isa = PBXFrameworksBuildPhase;
			buildActionMask = 2147483647;
			files = (
				E8BC471A286204F20001395A /* FirebaseMessaging in Frameworks */,
				E817C9C32844E009000E2105 /* FirebaseDatabaseSwift in Frameworks */,
				E817C9C52844E009000E2105 /* FirebaseStorage in Frameworks */,
				E8BC471C286207040001395A /* FirebaseFirestoreSwift in Frameworks */,
				E817C9C12844E009000E2105 /* FirebaseDatabase in Frameworks */,
				D8E4154728607352006FDC58 /* FirebaseFirestore in Frameworks */,
				E817C9BF2844E009000E2105 /* FirebaseAuth in Frameworks */,
			);
			runOnlyForDeploymentPostprocessing = 0;
		};
/* End PBXFrameworksBuildPhase section */

/* Begin PBXGroup section */
		020A13E4283D3671007C9ECE = {
			isa = PBXGroup;
			children = (
				020A13EF283D3671007C9ECE /* sayar */,
				020A13EE283D3671007C9ECE /* Products */,
				D8E4154528607328006FDC58 /* Frameworks */,
			);
			sourceTree = "<group>";
		};
		020A13EE283D3671007C9ECE /* Products */ = {
			isa = PBXGroup;
			children = (
				020A13ED283D3671007C9ECE /* sayar.app */,
			);
			name = Products;
			sourceTree = "<group>";
		};
		020A13EF283D3671007C9ECE /* sayar */ = {
			isa = PBXGroup;
			children = (
				E89E4EE3285FD46700FD61C0 /* Info.plist */,
				E89E4EE2285FD45900FD61C0 /* sayar.entitlements */,
				020A13F0283D3671007C9ECE /* sayarApp.swift */,
				020A13F2283D3671007C9ECE /* ContentView.swift */,
				E8749509285A8BAE0049BB4B /* Demo.swift */,
				E8F9785828876B21006B113B /* ImageAll */,
				E82235A02886A3F100D4D8A3 /* Reports */,
				E89EB1AE2883887900259137 /* Notification */,
				E8A37CB3287F575300C11F8F /* Car */,
				E8305CB3286C6B84006505CF /* Image */,
				D82EA9F7284F2F95000F7DF5 /* Views */,
				E8F3C85B285380DA008E131E /* Model */,
				E874950E285A90AA0049BB4B /* ViewModel */,
				020A13F4283D3674007C9ECE /* Assets.xcassets */,
				E817C9BB2844DDC4000E2105 /* GoogleService-Info.plist */,
				020A13F6283D3674007C9ECE /* Preview Content */,
			);
			path = sayar;
			sourceTree = "<group>";
		};
		020A13F6283D3674007C9ECE /* Preview Content */ = {
			isa = PBXGroup;
			children = (
				020A13F7283D3674007C9ECE /* Preview Assets.xcassets */,
			);
			path = "Preview Content";
			sourceTree = "<group>";
		};
		D82EA9F4284DFC2F000F7DF5 /* DashBoard */ = {
			isa = PBXGroup;
			children = (
				D8F6D1DD2859DCA00007B9CB /* Pages */,
				D8F6D1DC2859CDEC0007B9CB /* Add Pages */,
			);
			path = DashBoard;
			sourceTree = "<group>";
		};
		D82EA9F7284F2F95000F7DF5 /* Views */ = {
			isa = PBXGroup;
			children = (
				E836B574285F7FD300C5700B /* Authentication */,
				E8D1EC372847792D0035C5B3 /* AccountViewModel.swift */,
				6F185A2C286B194A003E2088 /* HelpView.swift */,
				E80E90F72851534A00FE624F /* TabViewApp.swift */,
				D82EA9F4284DFC2F000F7DF5 /* DashBoard */,
			);
			path = Views;
			sourceTree = "<group>";
		};
		D8E4154528607328006FDC58 /* Frameworks */ = {
			isa = PBXGroup;
			children = (
			);
			name = Frameworks;
			sourceTree = "<group>";
		};
		D8F6D1DC2859CDEC0007B9CB /* Add Pages */ = {
			isa = PBXGroup;
			children = (
				D82EA9F8284F32E9000F7DF5 /* AddOilView.swift */,
				D8F6D1D02859C7FE0007B9CB /* AddTierView.swift */,
				D8F6D1D22859C80F0007B9CB /* AddBatteryView.swift */,
				D8F6D1CE2855FE670007B9CB /* AddFuelView.swift */,
			);
			path = "Add Pages";
			sourceTree = "<group>";
		};
		D8F6D1DD2859DCA00007B9CB /* Pages */ = {
			isa = PBXGroup;
			children = (
				E8D1EC3328476FFD0035C5B3 /* HomeCarViewModel.swift */,
				D8F6D1DA2859CC6F0007B9CB /* OilView.swift */,
				D8F6D1D62859CC530007B9CB /* TiresView.swift */,
				D8F6D1D82859CC5E0007B9CB /* BatteryView.swift */,
				D8F6D1D42859CC440007B9CB /* FuelView.swift */,
			);
			path = Pages;
			sourceTree = "<group>";
		};
		E82235A02886A3F100D4D8A3 /* Reports */ = {
			isa = PBXGroup;
			children = (
				02DFCAA32885AA30009DE7BE /* ReportsView.swift */,
				02DFCAA52885AA59009DE7BE /* Chart.swift */,
				02DFCAA92885AA75009DE7BE /* PieSliceSwiftView.swift */,
				02DFCAA72885AA6D009DE7BE /* PieChartSwiftView.swift */,
				02DFCAAD28869861009DE7BE /* Loader.swift */,
				02DFCAAB2885AAB6009DE7BE /* ReportsViewModel.swift */,
			);
			path = Reports;
			sourceTree = "<group>";
		};
		E8305CB3286C6B84006505CF /* Image */ = {
			isa = PBXGroup;
			children = (
				E8305CB8286C6C37006505CF /* UiviewRepresentable */,
				E8305CC5286C6E48006505CF /* view */,
				E8305CC3286C6E0B006505CF /* Model */,
				E8305CBF286C6D87006505CF /* ViewModel */,
			);
			path = Image;
			sourceTree = "<group>";
		};
		E8305CB8286C6C37006505CF /* UiviewRepresentable */ = {
			isa = PBXGroup;
			children = (
				E8305CB4286C6BA6006505CF /* ImagePicker.swift */,
				E8305CB9286C6C70006505CF /* ZoomableScrollView.swift */,
				E865A5052871F68A00BD17F0 /* FileManager+Extension.swift */,
			);
			path = UiviewRepresentable;
			sourceTree = "<group>";
		};
		E8305CBF286C6D87006505CF /* ViewModel */ = {
			isa = PBXGroup;
			children = (
				E8305CBD286C6D60006505CF /* ViewModel.swift */,
			);
			path = ViewModel;
			sourceTree = "<group>";
		};
		E8305CC3286C6E0B006505CF /* Model */ = {
			isa = PBXGroup;
			children = (
				E8305CC0286C6DD0006505CF /* Picker.swift */,
			);
			path = Model;
			sourceTree = "<group>";
		};
		E8305CC5286C6E48006505CF /* view */ = {
			isa = PBXGroup;
			children = (
				E8305CBB286C6D39006505CF /* ContentImage.swift */,
			);
			path = view;
			sourceTree = "<group>";
		};
		E836B574285F7FD300C5700B /* Authentication */ = {
			isa = PBXGroup;
			children = (
				E836B575285F7FEE00C5700B /* AuthView.swift */,
				E836B577285F810E00C5700B /* SecondOTP.swift */,
			);
			path = Authentication;
			sourceTree = "<group>";
		};
		E874950E285A90AA0049BB4B /* ViewModel */ = {
			isa = PBXGroup;
			children = (
				E836B579285F837A00C5700B /* AuthViewModel.swift */,
				D8E4154328607193006FDC58 /* FuelViewModel.swift */,
				D8E4154828632723006FDC58 /* OilViewModel.swift */,
				D8E4154A28632737006FDC58 /* BatteryViewModel.swift */,
				D8E4154C2863279F006FDC58 /* TiresViewModel.swift */,
			);
			path = ViewModel;
			sourceTree = "<group>";
		};
		E89EB1AE2883887900259137 /* Notification */ = {
			isa = PBXGroup;
			children = (
				E89EB1AF2883889100259137 /* NotificationManager.swift */,
				E89EB1B128838A7600259137 /* NotificationLView.swift */,
				E89EB1B328838B9200259137 /* InfoOverlayView.swift */,
				E89EB1B528838C0500259137 /* CreateNotificationView.swift */,
			);
			path = Notification;
			sourceTree = "<group>";
		};
		E8A37CB3287F575300C11F8F /* Car */ = {
			isa = PBXGroup;
			children = (
				F0B7B0332857448200D5E018 /* MyGarageH.swift */,
				E8A37CB1287F526700C11F8F /* CarDetailsView.swift */,
				E8A37CAF287F50CD00C11F8F /* EditCar.swift */,
			);
			path = Car;
			sourceTree = "<group>";
		};
		E8F3C85B285380DA008E131E /* Model */ = {
			isa = PBXGroup;
			children = (
				D8F6D1DE2859F4AC0007B9CB /* Fuel.swift */,
				E83C77F42862ECC600B55D64 /* User.swift */,
				D8F6D1E0285AFF500007B9CB /* Oil.swift */,
				D8F6D1E2285AFF5E0007B9CB /* Battery.swift */,
				D8F6D1E4285AFF6F0007B9CB /* Tires.swift */,
				22DDB2AB286989D200C36FDF /* Errors.swift */,
			);
			path = Model;
			sourceTree = "<group>";
		};
		E8F9785828876B21006B113B /* ImageAll */ = {
			isa = PBXGroup;
			children = (
				E8F9785528874D25006B113B /* imageUser.swift */,
				E8410C3A2864697500C3F80D /* addCarViewModel.swift */,
				E874950B285A903A0049BB4B /* Car.swift */,
				E8749507285A89E10049BB4B /* AddCar.swift */,
			);
			path = ImageAll;
			sourceTree = "<group>";
		};
/* End PBXGroup section */

/* Begin PBXNativeTarget section */
		020A13EC283D3671007C9ECE /* sayar */ = {
			isa = PBXNativeTarget;
			buildConfigurationList = 020A13FB283D3674007C9ECE /* Build configuration list for PBXNativeTarget "sayar" */;
			buildPhases = (
				020A13E9283D3671007C9ECE /* Sources */,
				020A13EA283D3671007C9ECE /* Frameworks */,
				020A13EB283D3671007C9ECE /* Resources */,
			);
			buildRules = (
			);
			dependencies = (
			);
			name = sayar;
			packageProductDependencies = (
				E817C9BE2844E009000E2105 /* FirebaseAuth */,
				E817C9C02844E009000E2105 /* FirebaseDatabase */,
				E817C9C22844E009000E2105 /* FirebaseDatabaseSwift */,
				E817C9C42844E009000E2105 /* FirebaseStorage */,
				D8E4154628607352006FDC58 /* FirebaseFirestore */,
				E8BC4719286204F20001395A /* FirebaseMessaging */,
				E8BC471B286207040001395A /* FirebaseFirestoreSwift */,
			);
			productName = sayar;
			productReference = 020A13ED283D3671007C9ECE /* sayar.app */;
			productType = "com.apple.product-type.application";
		};
/* End PBXNativeTarget section */

/* Begin PBXProject section */
		020A13E5283D3671007C9ECE /* Project object */ = {
			isa = PBXProject;
			attributes = {
				BuildIndependentTargetsInParallel = 1;
				LastSwiftUpdateCheck = 1340;
				LastUpgradeCheck = 1340;
				TargetAttributes = {
					020A13EC283D3671007C9ECE = {
						CreatedOnToolsVersion = 13.4;
					};
				};
			};
			buildConfigurationList = 020A13E8283D3671007C9ECE /* Build configuration list for PBXProject "sayar" */;
			compatibilityVersion = "Xcode 13.0";
			developmentRegion = en;
			hasScannedForEncodings = 0;
			knownRegions = (
				en,
				Base,
			);
			mainGroup = 020A13E4283D3671007C9ECE;
			packageReferences = (
				E817C9BD2844E009000E2105 /* XCRemoteSwiftPackageReference "firebase-ios-sdk" */,
			);
			productRefGroup = 020A13EE283D3671007C9ECE /* Products */;
			projectDirPath = "";
			projectRoot = "";
			targets = (
				020A13EC283D3671007C9ECE /* sayar */,
			);
		};
/* End PBXProject section */

/* Begin PBXResourcesBuildPhase section */
		020A13EB283D3671007C9ECE /* Resources */ = {
			isa = PBXResourcesBuildPhase;
			buildActionMask = 2147483647;
			files = (
				020A13F8283D3674007C9ECE /* Preview Assets.xcassets in Resources */,
				020A13F5283D3674007C9ECE /* Assets.xcassets in Resources */,
				E817C9BC2844DDC4000E2105 /* GoogleService-Info.plist in Resources */,
			);
			runOnlyForDeploymentPostprocessing = 0;
		};
/* End PBXResourcesBuildPhase section */

/* Begin PBXSourcesBuildPhase section */
		020A13E9283D3671007C9ECE /* Sources */ = {
			isa = PBXSourcesBuildPhase;
			buildActionMask = 2147483647;
			files = (
				E8A37CB2287F526700C11F8F /* CarDetailsView.swift in Sources */,
				E8305CB5286C6BA6006505CF /* ImagePicker.swift in Sources */,
				D8F6D1E3285AFF5E0007B9CB /* Battery.swift in Sources */,
				D8F6D1D92859CC5E0007B9CB /* BatteryView.swift in Sources */,
				E89EB1B628838C0500259137 /* CreateNotificationView.swift in Sources */,
				D8F6D1DF2859F4AC0007B9CB /* Fuel.swift in Sources */,
				E874950A285A8BAF0049BB4B /* Demo.swift in Sources */,
				E89EB1B02883889100259137 /* NotificationManager.swift in Sources */,
				02DFCAAC2885AAB6009DE7BE /* ReportsViewModel.swift in Sources */,
				D8F6D1DB2859CC6F0007B9CB /* OilView.swift in Sources */,
				D8F6D1D72859CC530007B9CB /* TiresView.swift in Sources */,
				E836B576285F7FEE00C5700B /* AuthView.swift in Sources */,
				E8D1EC3428476FFD0035C5B3 /* HomeCarViewModel.swift in Sources */,
				D8E4154D2863279F006FDC58 /* TiresViewModel.swift in Sources */,
				E8A37CB0287F50CD00C11F8F /* EditCar.swift in Sources */,
				F0B7B0342857448200D5E018 /* MyGarageH.swift in Sources */,
				6F185A2D286B194A003E2088 /* HelpView.swift in Sources */,
				E8305CBC286C6D39006505CF /* ContentImage.swift in Sources */,
				E8F9785628874D25006B113B /* imageUser.swift in Sources */,
				020A13F3283D3671007C9ECE /* ContentView.swift in Sources */,
				D8F6D1E1285AFF500007B9CB /* Oil.swift in Sources */,
				D8F6D1D52859CC440007B9CB /* FuelView.swift in Sources */,
				02DFCAA62885AA59009DE7BE /* Chart.swift in Sources */,
				D8F6D1E5285AFF6F0007B9CB /* Tires.swift in Sources */,
				E8305CC1286C6DD0006505CF /* Picker.swift in Sources */,
				D8F6D1D32859C80F0007B9CB /* AddBatteryView.swift in Sources */,
				D8F6D1CF2855FE670007B9CB /* AddFuelView.swift in Sources */,
				D82EA9F9284F32E9000F7DF5 /* AddOilView.swift in Sources */,
				E836B578285F810E00C5700B /* SecondOTP.swift in Sources */,
				D8E4154428607193006FDC58 /* FuelViewModel.swift in Sources */,
				22DDB2AC286989D200C36FDF /* Errors.swift in Sources */,
				E8410C3B2864697500C3F80D /* addCarViewModel.swift in Sources */,
				E8D1EC382847792D0035C5B3 /* AccountViewModel.swift in Sources */,
				020A13F1283D3671007C9ECE /* sayarApp.swift in Sources */,
				02DFCAA42885AA30009DE7BE /* ReportsView.swift in Sources */,
				E836B57A285F837A00C5700B /* AuthViewModel.swift in Sources */,
				E8305CBA286C6C70006505CF /* ZoomableScrollView.swift in Sources */,
				E865A5062871F68A00BD17F0 /* FileManager+Extension.swift in Sources */,
				E8749508285A89E10049BB4B /* AddCar.swift in Sources */,
				E8305CBE286C6D60006505CF /* ViewModel.swift in Sources */,
				02DFCAAA2885AA75009DE7BE /* PieSliceSwiftView.swift in Sources */,
				D8E4154928632723006FDC58 /* OilViewModel.swift in Sources */,
				E89EB1B428838B9200259137 /* InfoOverlayView.swift in Sources */,
				E89EB1B228838A7600259137 /* NotificationLView.swift in Sources */,
				D8E4154B28632737006FDC58 /* BatteryViewModel.swift in Sources */,
				02DFCAA82885AA6D009DE7BE /* PieChartSwiftView.swift in Sources */,
				E874950C285A903A0049BB4B /* Car.swift in Sources */,
				D8F6D1D12859C7FE0007B9CB /* AddTierView.swift in Sources */,
				E80E90F82851534A00FE624F /* TabViewApp.swift in Sources */,
				02DFCAAE28869861009DE7BE /* Loader.swift in Sources */,
				E83C77F52862ECC600B55D64 /* User.swift in Sources */,
			);
			runOnlyForDeploymentPostprocessing = 0;
		};
/* End PBXSourcesBuildPhase section */

/* Begin XCBuildConfiguration section */
		020A13F9283D3674007C9ECE /* Debug */ = {
			isa = XCBuildConfiguration;
			buildSettings = {
				ALWAYS_SEARCH_USER_PATHS = NO;
				CLANG_ANALYZER_NONNULL = YES;
				CLANG_ANALYZER_NUMBER_OBJECT_CONVERSION = YES_AGGRESSIVE;
				CLANG_CXX_LANGUAGE_STANDARD = "gnu++17";
				CLANG_ENABLE_MODULES = YES;
				CLANG_ENABLE_OBJC_ARC = YES;
				CLANG_ENABLE_OBJC_WEAK = YES;
				CLANG_WARN_BLOCK_CAPTURE_AUTORELEASING = YES;
				CLANG_WARN_BOOL_CONVERSION = YES;
				CLANG_WARN_COMMA = YES;
				CLANG_WARN_CONSTANT_CONVERSION = YES;
				CLANG_WARN_DEPRECATED_OBJC_IMPLEMENTATIONS = YES;
				CLANG_WARN_DIRECT_OBJC_ISA_USAGE = YES_ERROR;
				CLANG_WARN_DOCUMENTATION_COMMENTS = YES;
				CLANG_WARN_EMPTY_BODY = YES;
				CLANG_WARN_ENUM_CONVERSION = YES;
				CLANG_WARN_INFINITE_RECURSION = YES;
				CLANG_WARN_INT_CONVERSION = YES;
				CLANG_WARN_NON_LITERAL_NULL_CONVERSION = YES;
				CLANG_WARN_OBJC_IMPLICIT_RETAIN_SELF = YES;
				CLANG_WARN_OBJC_LITERAL_CONVERSION = YES;
				CLANG_WARN_OBJC_ROOT_CLASS = YES_ERROR;
				CLANG_WARN_QUOTED_INCLUDE_IN_FRAMEWORK_HEADER = YES;
				CLANG_WARN_RANGE_LOOP_ANALYSIS = YES;
				CLANG_WARN_STRICT_PROTOTYPES = YES;
				CLANG_WARN_SUSPICIOUS_MOVE = YES;
				CLANG_WARN_UNGUARDED_AVAILABILITY = YES_AGGRESSIVE;
				CLANG_WARN_UNREACHABLE_CODE = YES;
				CLANG_WARN__DUPLICATE_METHOD_MATCH = YES;
				COPY_PHASE_STRIP = NO;
				DEBUG_INFORMATION_FORMAT = dwarf;
				ENABLE_STRICT_OBJC_MSGSEND = YES;
				ENABLE_TESTABILITY = YES;
				GCC_C_LANGUAGE_STANDARD = gnu11;
				GCC_DYNAMIC_NO_PIC = NO;
				GCC_NO_COMMON_BLOCKS = YES;
				GCC_OPTIMIZATION_LEVEL = 0;
				GCC_PREPROCESSOR_DEFINITIONS = (
					"DEBUG=1",
					"$(inherited)",
				);
				GCC_WARN_64_TO_32_BIT_CONVERSION = YES;
				GCC_WARN_ABOUT_RETURN_TYPE = YES_ERROR;
				GCC_WARN_UNDECLARED_SELECTOR = YES;
				GCC_WARN_UNINITIALIZED_AUTOS = YES_AGGRESSIVE;
				GCC_WARN_UNUSED_FUNCTION = YES;
				GCC_WARN_UNUSED_VARIABLE = YES;
				IPHONEOS_DEPLOYMENT_TARGET = 15.5;
				MTL_ENABLE_DEBUG_INFO = INCLUDE_SOURCE;
				MTL_FAST_MATH = YES;
				ONLY_ACTIVE_ARCH = YES;
				SDKROOT = iphoneos;
				SWIFT_ACTIVE_COMPILATION_CONDITIONS = DEBUG;
				SWIFT_OPTIMIZATION_LEVEL = "-Onone";
			};
			name = Debug;
		};
		020A13FA283D3674007C9ECE /* Release */ = {
			isa = XCBuildConfiguration;
			buildSettings = {
				ALWAYS_SEARCH_USER_PATHS = NO;
				CLANG_ANALYZER_NONNULL = YES;
				CLANG_ANALYZER_NUMBER_OBJECT_CONVERSION = YES_AGGRESSIVE;
				CLANG_CXX_LANGUAGE_STANDARD = "gnu++17";
				CLANG_ENABLE_MODULES = YES;
				CLANG_ENABLE_OBJC_ARC = YES;
				CLANG_ENABLE_OBJC_WEAK = YES;
				CLANG_WARN_BLOCK_CAPTURE_AUTORELEASING = YES;
				CLANG_WARN_BOOL_CONVERSION = YES;
				CLANG_WARN_COMMA = YES;
				CLANG_WARN_CONSTANT_CONVERSION = YES;
				CLANG_WARN_DEPRECATED_OBJC_IMPLEMENTATIONS = YES;
				CLANG_WARN_DIRECT_OBJC_ISA_USAGE = YES_ERROR;
				CLANG_WARN_DOCUMENTATION_COMMENTS = YES;
				CLANG_WARN_EMPTY_BODY = YES;
				CLANG_WARN_ENUM_CONVERSION = YES;
				CLANG_WARN_INFINITE_RECURSION = YES;
				CLANG_WARN_INT_CONVERSION = YES;
				CLANG_WARN_NON_LITERAL_NULL_CONVERSION = YES;
				CLANG_WARN_OBJC_IMPLICIT_RETAIN_SELF = YES;
				CLANG_WARN_OBJC_LITERAL_CONVERSION = YES;
				CLANG_WARN_OBJC_ROOT_CLASS = YES_ERROR;
				CLANG_WARN_QUOTED_INCLUDE_IN_FRAMEWORK_HEADER = YES;
				CLANG_WARN_RANGE_LOOP_ANALYSIS = YES;
				CLANG_WARN_STRICT_PROTOTYPES = YES;
				CLANG_WARN_SUSPICIOUS_MOVE = YES;
				CLANG_WARN_UNGUARDED_AVAILABILITY = YES_AGGRESSIVE;
				CLANG_WARN_UNREACHABLE_CODE = YES;
				CLANG_WARN__DUPLICATE_METHOD_MATCH = YES;
				COPY_PHASE_STRIP = NO;
				DEBUG_INFORMATION_FORMAT = "dwarf-with-dsym";
				ENABLE_NS_ASSERTIONS = NO;
				ENABLE_STRICT_OBJC_MSGSEND = YES;
				GCC_C_LANGUAGE_STANDARD = gnu11;
				GCC_NO_COMMON_BLOCKS = YES;
				GCC_WARN_64_TO_32_BIT_CONVERSION = YES;
				GCC_WARN_ABOUT_RETURN_TYPE = YES_ERROR;
				GCC_WARN_UNDECLARED_SELECTOR = YES;
				GCC_WARN_UNINITIALIZED_AUTOS = YES_AGGRESSIVE;
				GCC_WARN_UNUSED_FUNCTION = YES;
				GCC_WARN_UNUSED_VARIABLE = YES;
				IPHONEOS_DEPLOYMENT_TARGET = 15.5;
				MTL_ENABLE_DEBUG_INFO = NO;
				MTL_FAST_MATH = YES;
				SDKROOT = iphoneos;
				SWIFT_COMPILATION_MODE = wholemodule;
				SWIFT_OPTIMIZATION_LEVEL = "-O";
				VALIDATE_PRODUCT = YES;
			};
			name = Release;
		};
		020A13FC283D3674007C9ECE /* Debug */ = {
			isa = XCBuildConfiguration;
			buildSettings = {
				ASSETCATALOG_COMPILER_APPICON_NAME = AppIcon;
				ASSETCATALOG_COMPILER_GLOBAL_ACCENT_COLOR_NAME = AccentColor;
				ASSETCATALOG_COMPILER_INCLUDE_ALL_APPICON_ASSETS = NO;
				CODE_SIGN_ENTITLEMENTS = sayar/sayar.entitlements;
				CODE_SIGN_STYLE = Automatic;
				CURRENT_PROJECT_VERSION = 2;
				DEVELOPMENT_ASSET_PATHS = "\"sayar/Preview Content\"";
				DEVELOPMENT_TEAM = A3FH5U4VWR;
				ENABLE_ON_DEMAND_RESOURCES = NO;
				ENABLE_PREVIEWS = YES;
				GENERATE_INFOPLIST_FILE = YES;
				INFOPLIST_FILE = sayar/Info.plist;
				INFOPLIST_KEY_NSCameraUsageDescription = "Would like to use the camera to take photos";
				INFOPLIST_KEY_UIApplicationSceneManifest_Generation = YES;
				INFOPLIST_KEY_UIApplicationSupportsIndirectInputEvents = YES;
				INFOPLIST_KEY_UILaunchScreen_Generation = YES;
				INFOPLIST_KEY_UISupportedInterfaceOrientations_iPad = "UIInterfaceOrientationPortrait UIInterfaceOrientationPortraitUpsideDown UIInterfaceOrientationLandscapeLeft UIInterfaceOrientationLandscapeRight";
				INFOPLIST_KEY_UISupportedInterfaceOrientations_iPhone = "UIInterfaceOrientationPortrait UIInterfaceOrientationLandscapeLeft UIInterfaceOrientationLandscapeRight";
				LD_RUNPATH_SEARCH_PATHS = (
					"$(inherited)",
					"@executable_path/Frameworks",
				);
				MARKETING_VERSION = 1.0;
				PRODUCT_BUNDLE_IDENTIFIER = esra.sa.sayar;
				PRODUCT_NAME = "$(TARGET_NAME)";
				SWIFT_EMIT_LOC_STRINGS = YES;
				SWIFT_VERSION = 5.0;
				TARGETED_DEVICE_FAMILY = "1,2";
			};
			name = Debug;
		};
		020A13FD283D3674007C9ECE /* Release */ = {
			isa = XCBuildConfiguration;
			buildSettings = {
				ASSETCATALOG_COMPILER_APPICON_NAME = AppIcon;
				ASSETCATALOG_COMPILER_GLOBAL_ACCENT_COLOR_NAME = AccentColor;
				ASSETCATALOG_COMPILER_INCLUDE_ALL_APPICON_ASSETS = NO;
				CODE_SIGN_ENTITLEMENTS = sayar/sayar.entitlements;
				CODE_SIGN_STYLE = Automatic;
				CURRENT_PROJECT_VERSION = 2;
				DEVELOPMENT_ASSET_PATHS = "\"sayar/Preview Content\"";
				DEVELOPMENT_TEAM = A3FH5U4VWR;
				ENABLE_ON_DEMAND_RESOURCES = NO;
				ENABLE_PREVIEWS = YES;
				GENERATE_INFOPLIST_FILE = YES;
				INFOPLIST_FILE = sayar/Info.plist;
				INFOPLIST_KEY_NSCameraUsageDescription = "Would like to use the camera to take photos";
				INFOPLIST_KEY_UIApplicationSceneManifest_Generation = YES;
				INFOPLIST_KEY_UIApplicationSupportsIndirectInputEvents = YES;
				INFOPLIST_KEY_UILaunchScreen_Generation = YES;
				INFOPLIST_KEY_UISupportedInterfaceOrientations_iPad = "UIInterfaceOrientationPortrait UIInterfaceOrientationPortraitUpsideDown UIInterfaceOrientationLandscapeLeft UIInterfaceOrientationLandscapeRight";
				INFOPLIST_KEY_UISupportedInterfaceOrientations_iPhone = "UIInterfaceOrientationPortrait UIInterfaceOrientationLandscapeLeft UIInterfaceOrientationLandscapeRight";
				LD_RUNPATH_SEARCH_PATHS = (
					"$(inherited)",
					"@executable_path/Frameworks",
				);
				MARKETING_VERSION = 1.0;
				PRODUCT_BUNDLE_IDENTIFIER = esra.sa.sayar;
				PRODUCT_NAME = "$(TARGET_NAME)";
				SWIFT_EMIT_LOC_STRINGS = YES;
				SWIFT_VERSION = 5.0;
				TARGETED_DEVICE_FAMILY = "1,2";
			};
			name = Release;
		};
/* End XCBuildConfiguration section */

/* Begin XCConfigurationList section */
		020A13E8283D3671007C9ECE /* Build configuration list for PBXProject "sayar" */ = {
			isa = XCConfigurationList;
			buildConfigurations = (
				020A13F9283D3674007C9ECE /* Debug */,
				020A13FA283D3674007C9ECE /* Release */,
			);
			defaultConfigurationIsVisible = 0;
			defaultConfigurationName = Release;
		};
		020A13FB283D3674007C9ECE /* Build configuration list for PBXNativeTarget "sayar" */ = {
			isa = XCConfigurationList;
			buildConfigurations = (
				020A13FC283D3674007C9ECE /* Debug */,
				020A13FD283D3674007C9ECE /* Release */,
			);
			defaultConfigurationIsVisible = 0;
			defaultConfigurationName = Release;
		};
/* End XCConfigurationList section */

/* Begin XCRemoteSwiftPackageReference section */
		E817C9BD2844E009000E2105 /* XCRemoteSwiftPackageReference "firebase-ios-sdk" */ = {
			isa = XCRemoteSwiftPackageReference;
			repositoryURL = "https://github.com/firebase/firebase-ios-sdk";
			requirement = {
				kind = upToNextMajorVersion;
				minimumVersion = 9.0.0;
			};
		};
/* End XCRemoteSwiftPackageReference section */

/* Begin XCSwiftPackageProductDependency section */
		D8E4154628607352006FDC58 /* FirebaseFirestore */ = {
			isa = XCSwiftPackageProductDependency;
			package = E817C9BD2844E009000E2105 /* XCRemoteSwiftPackageReference "firebase-ios-sdk" */;
			productName = FirebaseFirestore;
		};
		E817C9BE2844E009000E2105 /* FirebaseAuth */ = {
			isa = XCSwiftPackageProductDependency;
			package = E817C9BD2844E009000E2105 /* XCRemoteSwiftPackageReference "firebase-ios-sdk" */;
			productName = FirebaseAuth;
		};
		E817C9C02844E009000E2105 /* FirebaseDatabase */ = {
			isa = XCSwiftPackageProductDependency;
			package = E817C9BD2844E009000E2105 /* XCRemoteSwiftPackageReference "firebase-ios-sdk" */;
			productName = FirebaseDatabase;
		};
		E817C9C22844E009000E2105 /* FirebaseDatabaseSwift */ = {
			isa = XCSwiftPackageProductDependency;
			package = E817C9BD2844E009000E2105 /* XCRemoteSwiftPackageReference "firebase-ios-sdk" */;
			productName = FirebaseDatabaseSwift;
		};
		E817C9C42844E009000E2105 /* FirebaseStorage */ = {
			isa = XCSwiftPackageProductDependency;
			package = E817C9BD2844E009000E2105 /* XCRemoteSwiftPackageReference "firebase-ios-sdk" */;
			productName = FirebaseStorage;
		};
		E8BC4719286204F20001395A /* FirebaseMessaging */ = {
			isa = XCSwiftPackageProductDependency;
			package = E817C9BD2844E009000E2105 /* XCRemoteSwiftPackageReference "firebase-ios-sdk" */;
			productName = FirebaseMessaging;
		};
		E8BC471B286207040001395A /* FirebaseFirestoreSwift */ = {
			isa = XCSwiftPackageProductDependency;
			package = E817C9BD2844E009000E2105 /* XCRemoteSwiftPackageReference "firebase-ios-sdk" */;
			productName = FirebaseFirestoreSwift;
		};
/* End XCSwiftPackageProductDependency section */
	};
	rootObject = 020A13E5283D3671007C9ECE /* Project object */;
}
